{
  "lockfile_version": "1",
  "packages": {
    "github:NixOS/nixpkgs/nixpkgs-unstable": {
      "resolved": "github:NixOS/nixpkgs/6c5963357f3c1c840201eda129a99d455074db04?lastModified=1743076231&narHash=sha256-yQugdVfi316qUfqzN8JMaA2vixl%2B45GxNm4oUfXlbgw%3D"
    },
    "stow@latest": {
      "last_modified": "2025-03-11T17:52:14Z",
      "resolved": "github:NixOS/nixpkgs/0d534853a55b5d02a4ababa1d71921ce8f0aee4c#stow",
      "source": "devbox-search",
      "version": "2.4.1",
      "systems": {
        "aarch64-darwin": {
          "outputs": [
            {
              "name": "out",
              "path": "/nix/store/1g9rb7qkiwkzs17j0ih1zxwfhj0r039p-stow-2.4.1",
              "default": true
            }
          ],
          "store_path": "/nix/store/1g9rb7qkiwkzs17j0ih1zxwfhj0r039p-stow-2.4.1"
        },
        "aarch64-linux": {
          "outputs": [
            {
              "name": "out",
              "path": "/nix/store/mp9ssdpys3w2cladwpa3an68nb2d2zcz-stow-2.4.1",
              "default": true
            }
          ],
          "store_path": "/nix/store/mp9ssdpys3w2cladwpa3an68nb2d2zcz-stow-2.4.1"
        },
        "x86_64-darwin": {
          "outputs": [
            {
              "name": "out",
              "path": "/nix/store/2qhvz68jy4ja7zkbhx5klcflv3j9js3a-stow-2.4.1",
              "default": true
            }
          ],
          "store_path": "/nix/store/2qhvz68jy4ja7zkbhx5klcflv3j9js3a-stow-2.4.1"
        },
        "x86_64-linux": {
          "outputs": [
            {
              "name": "out",
              "path": "/nix/store/a9zm7ssc7fp1szx2fn0kf8rfmipsvw0y-stow-2.4.1",
              "default": true
            }
          ],
          "store_path": "/nix/store/a9zm7ssc7fp1szx2fn0kf8rfmipsvw0y-stow-2.4.1"
        }
      }
    }
  }
}
