{
  "lockfile_version": "1",
  "packages": {
    "github:NixOS/nixpkgs/nixpkgs-unstable": {
      "resolved": "github:NixOS/nixpkgs/6c5963357f3c1c840201eda129a99d455074db04?lastModified=1743076231&narHash=sha256-yQugdVfi316qUfqzN8JMaA2vixl%2B45GxNm4oUfXlbgw%3D"
    },
    "neovim@latest": {
      "last_modified": "2025-03-13T11:38:39Z",
      "resolved": "github:NixOS/nixpkgs/573c650e8a14b2faa0041645ab18aed7e60f0c9a#neovim",
      "source": "devbox-search",
      "version": "0.10.4",
      "systems": {
        "aarch64-darwin": {
          "outputs": [
            {
              "name": "out",
              "path": "/nix/store/8m3mcfl3i4jib8379nlf4yamiwk9kn0g-neovim-0.10.4",
              "default": true
            }
          ],
          "store_path": "/nix/store/8m3mcfl3i4jib8379nlf4yamiwk9kn0g-neovim-0.10.4"
        },
        "aarch64-linux": {
          "outputs": [
            {
              "name": "out",
              "path": "/nix/store/bd99zl2wpsih7hwf3lsqr1g7rcybjz7x-neovim-0.10.4",
              "default": true
            }
          ],
          "store_path": "/nix/store/bd99zl2wpsih7hwf3lsqr1g7rcybjz7x-neovim-0.10.4"
        },
        "x86_64-darwin": {
          "outputs": [
            {
              "name": "out",
              "path": "/nix/store/gaw8b3861a0947jrmsd60b5abxaz4vhq-neovim-0.10.4",
              "default": true
            }
          ],
          "store_path": "/nix/store/gaw8b3861a0947jrmsd60b5abxaz4vhq-neovim-0.10.4"
        },
        "x86_64-linux": {
          "outputs": [
            {
              "name": "out",
              "path": "/nix/store/vrclrsy4i9n5amslva0c33jknac37zwf-neovim-0.10.4",
              "default": true
            }
          ],
          "store_path": "/nix/store/vrclrsy4i9n5amslva0c33jknac37zwf-neovim-0.10.4"
        }
      }
    },
    "stow@latest": {
      "last_modified": "2025-03-11T17:52:14Z",
      "resolved": "github:NixOS/nixpkgs/0d534853a55b5d02a4ababa1d71921ce8f0aee4c#stow",
      "source": "devbox-search",
      "version": "2.4.1",
      "systems": {
        "aarch64-darwin": {
          "outputs": [
            {
              "name": "out",
              "path": "/nix/store/1g9rb7qkiwkzs17j0ih1zxwfhj0r039p-stow-2.4.1",
              "default": true
            }
          ],
          "store_path": "/nix/store/1g9rb7qkiwkzs17j0ih1zxwfhj0r039p-stow-2.4.1"
        },
        "aarch64-linux": {
          "outputs": [
            {
              "name": "out",
              "path": "/nix/store/mp9ssdpys3w2cladwpa3an68nb2d2zcz-stow-2.4.1",
              "default": true
            }
          ],
          "store_path": "/nix/store/mp9ssdpys3w2cladwpa3an68nb2d2zcz-stow-2.4.1"
        },
        "x86_64-darwin": {
          "outputs": [
            {
              "name": "out",
              "path": "/nix/store/2qhvz68jy4ja7zkbhx5klcflv3j9js3a-stow-2.4.1",
              "default": true
            }
          ],
          "store_path": "/nix/store/2qhvz68jy4ja7zkbhx5klcflv3j9js3a-stow-2.4.1"
        },
        "x86_64-linux": {
          "outputs": [
            {
              "name": "out",
              "path": "/nix/store/a9zm7ssc7fp1szx2fn0kf8rfmipsvw0y-stow-2.4.1",
              "default": true
            }
          ],
          "store_path": "/nix/store/a9zm7ssc7fp1szx2fn0kf8rfmipsvw0y-stow-2.4.1"
        }
      }
    },
    "tmux@latest": {
      "last_modified": "2024-09-28T11:58:19Z",
      "resolved": "github:NixOS/nixpkgs/b5b2fecd0cadd82ef107c9583018f381ae70f222#tmux",
      "source": "devbox-search",
      "version": "3.5",
      "systems": {
        "aarch64-darwin": {
          "outputs": [
            {
              "name": "out",
              "path": "/nix/store/hb9rmacsyjn2jbkfl12ax66qj9z86w8l-tmux-3.5",
              "default": true
            },
            {
              "name": "man",
              "path": "/nix/store/fzmxcplr3rqr0vm642fyschn4n43q43p-tmux-3.5-man",
              "default": true
            }
          ],
          "store_path": "/nix/store/hb9rmacsyjn2jbkfl12ax66qj9z86w8l-tmux-3.5"
        },
        "aarch64-linux": {
          "outputs": [
            {
              "name": "out",
              "path": "/nix/store/02sk9lggxfn3l59fk4zcyz5mr2li0zk9-tmux-3.5",
              "default": true
            },
            {
              "name": "man",
              "path": "/nix/store/mhsiwx0famlrp02d0lkiwdjiad5kc0qi-tmux-3.5-man",
              "default": true
            }
          ],
          "store_path": "/nix/store/02sk9lggxfn3l59fk4zcyz5mr2li0zk9-tmux-3.5"
        },
        "x86_64-darwin": {
          "outputs": [
            {
              "name": "out",
              "path": "/nix/store/ssaxd12iqz2mzacm782jpmyhdwydd4ra-tmux-3.5",
              "default": true
            },
            {
              "name": "man",
              "path": "/nix/store/zwsa51g32xdfpk9q2lpvvbrixf6jzhp3-tmux-3.5-man",
              "default": true
            }
          ],
          "store_path": "/nix/store/ssaxd12iqz2mzacm782jpmyhdwydd4ra-tmux-3.5"
        },
        "x86_64-linux": {
          "outputs": [
            {
              "name": "out",
              "path": "/nix/store/ci8crawb4cqjlqsmvbr9q27hpc16pbf9-tmux-3.5",
              "default": true
            },
            {
              "name": "man",
              "path": "/nix/store/ld4q0lkfk2vkh4jj6ql01j0qyb2g8qlj-tmux-3.5-man",
              "default": true
            }
          ],
          "store_path": "/nix/store/ci8crawb4cqjlqsmvbr9q27hpc16pbf9-tmux-3.5"
        }
      }
    }
  }
}
